
Microsoft Visual Studio Solution File, Format Version 12.00
# Visual Studio 2012
Project("{FAE04EC0-301F-11D3-BF4B-00C04F79EFBC}") = "Tests", "Tests\Tests.csproj", "{1C12ECB0-330C-43D6-9A3E-A4002B600845}"
EndProject
Project("{FAE04EC0-301F-11D3-BF4B-00C04F79EFBC}") = "easyInject", "easyInject\easyInject.csproj", "{2375E127-9996-499A-83D5-D731A2465576}"
EndProject
Global
	GlobalSection(SolutionConfigurationPlatforms) = preSolution
		Debug|Any CPU = Debug|Any CPU
		Release|Any CPU = Release|Any CPU
	EndGlobalSection
	GlobalSection(ProjectConfigurationPlatforms) = postSolution
		{1C12ECB0-330C-43D6-9A3E-A4002B600845}.Debug|Any CPU.ActiveCfg = Debug|Any CPU
		{1C12ECB0-330C-43D6-9A3E-A4002B600845}.Debug|Any CPU.Build.0 = Debug|Any CPU
		{1C12ECB0-330C-43D6-9A3E-A4002B600845}.Release|Any CPU.ActiveCfg = Release|Any CPU
		{1C12ECB0-330C-43D6-9A3E-A4002B600845}.Release|Any CPU.Build.0 = Release|Any CPU
		{2375E127-9996-499A-83D5-D731A2465576}.Debug|Any CPU.ActiveCfg = Debug|Any CPU
		{2375E127-9996-499A-83D5-D731A2465576}.Debug|Any CPU.Build.0 = Debug|Any CPU
		{2375E127-9996-499A-83D5-D731A2465576}.Release|Any CPU.ActiveCfg = Release|Any CPU
		{2375E127-9996-499A-83D5-D731A2465576}.Release|Any CPU.Build.0 = Release|Any CPU
	EndGlobalSection
EndGlobal
